
Microsoft Visual Studio Solution File, Format Version 11.00
# Visual Studio 2010
Project("{FAE04EC0-301F-11D3-BF4B-00C04F79EFBC}") = "Assembly-CSharp", "Assembly-CSharp.csproj", "{565624B4-AE64-CF10-39F0-C9D51B065566}"
EndProject
Project("{FAE04EC0-301F-11D3-BF4B-00C04F79EFBC}") = "Assembly-CSharp-Editor", "Assembly-CSharp-Editor.csproj", "{7D91E20C-BAFD-3849-FAE0-8CADA4DBB680}"
EndProject
Global
	GlobalSection(SolutionConfigurationPlatforms) = preSolution
		Debug|Any CPU = Debug|Any CPU
		Release|Any CPU = Release|Any CPU
	EndGlobalSection
	GlobalSection(ProjectConfigurationPlatforms) = postSolution
		{565624B4-AE64-CF10-39F0-C9D51B065566}.Debug|Any CPU.ActiveCfg = Debug|Any CPU
		{565624B4-AE64-CF10-39F0-C9D51B065566}.Debug|Any CPU.Build.0 = Debug|Any CPU
		{565624B4-AE64-CF10-39F0-C9D51B065566}.Release|Any CPU.ActiveCfg = Release|Any CPU
		{565624B4-AE64-CF10-39F0-C9D51B065566}.Release|Any CPU.Build.0 = Release|Any CPU
		{7D91E20C-BAFD-3849-FAE0-8CADA4DBB680}.Debug|Any CPU.ActiveCfg = Debug|Any CPU
		{7D91E20C-BAFD-3849-FAE0-8CADA4DBB680}.Debug|Any CPU.Build.0 = Debug|Any CPU
		{7D91E20C-BAFD-3849-FAE0-8CADA4DBB680}.Release|Any CPU.ActiveCfg = Release|Any CPU
		{7D91E20C-BAFD-3849-FAE0-8CADA4DBB680}.Release|Any CPU.Build.0 = Release|Any CPU
	EndGlobalSection
	GlobalSection(SolutionProperties) = preSolution
		HideSolutionNode = FALSE
	EndGlobalSection
EndGlobal
